// !$*UTF8*$!
{
	archiveVersion = 1;
	classes = {
	};
	objectVersion = 51;
	objects = {

/* Begin PBXBuildFile section */
		D4EB0D24C15A92F963288D46 /* Pods_MySpots.framework in Frameworks */ = {isa = PBXBuildFile; fileRef = 04D98F6850A008CBB96FCC04 /* Pods_MySpots.framework */; };
		E80D74AC252F88D30036D38A /* SpotListController.swift in Sources */ = {isa = PBXBuildFile; fileRef = E80D74AB252F88D30036D38A /* SpotListController.swift */; };
		E80D74C8253090630036D38A /* SpotModel.swift in Sources */ = {isa = PBXBuildFile; fileRef = E80D74C7253090630036D38A /* SpotModel.swift */; };
		E80D74CE253090870036D38A /* StorageManager.swift in Sources */ = {isa = PBXBuildFile; fileRef = E80D74CD253090870036D38A /* StorageManager.swift */; };
		E80D74D72530D3290036D38A /* SpotCell.swift in Sources */ = {isa = PBXBuildFile; fileRef = E80D74D62530D3290036D38A /* SpotCell.swift */; };
		E80D74DE2530DDA50036D38A /* AddNewSpotController.swift in Sources */ = {isa = PBXBuildFile; fileRef = E80D74DD2530DDA50036D38A /* AddNewSpotController.swift */; };
		E80D74E6253354BF0036D38A /* RatingControl.swift in Sources */ = {isa = PBXBuildFile; fileRef = E80D74E5253354BF0036D38A /* RatingControl.swift */; };
		E8952C6C251B8D510038824B /* AppDelegate.swift in Sources */ = {isa = PBXBuildFile; fileRef = E8952C6B251B8D510038824B /* AppDelegate.swift */; };
		E8952C6E251B8D510038824B /* SceneDelegate.swift in Sources */ = {isa = PBXBuildFile; fileRef = E8952C6D251B8D510038824B /* SceneDelegate.swift */; };
		E8952C73251B8D510038824B /* Main.storyboard in Resources */ = {isa = PBXBuildFile; fileRef = E8952C71251B8D510038824B /* Main.storyboard */; };
		E8952C75251B8D520038824B /* Assets.xcassets in Resources */ = {isa = PBXBuildFile; fileRef = E8952C74251B8D520038824B /* Assets.xcassets */; };
		E8952C78251B8D520038824B /* LaunchScreen.storyboard in Resources */ = {isa = PBXBuildFile; fileRef = E8952C76251B8D520038824B /* LaunchScreen.storyboard */; };
		E8CC12392534C1A100844BF9 /* MapViewController.swift in Sources */ = {isa = PBXBuildFile; fileRef = E8CC12382534C1A100844BF9 /* MapViewController.swift */; };
		E8CC12412536258600844BF9 /* MapManager.swift in Sources */ = {isa = PBXBuildFile; fileRef = E8CC12402536258600844BF9 /* MapManager.swift */; };
		E8DADC522534B16D00CB1049 /* RatingView.swift in Sources */ = {isa = PBXBuildFile; fileRef = E8DADC512534B16D00CB1049 /* RatingView.swift */; };
/* End PBXBuildFile section */

/* Begin PBXFileReference section */
		04D98F6850A008CBB96FCC04 /* Pods_MySpots.framework */ = {isa = PBXFileReference; explicitFileType = wrapper.framework; includeInIndex = 0; path = Pods_MySpots.framework; sourceTree = BUILT_PRODUCTS_DIR; };
		101C75D9E54FF2D123822E64 /* Pods-MySpots.debug.xcconfig */ = {isa = PBXFileReference; includeInIndex = 1; lastKnownFileType = text.xcconfig; name = "Pods-MySpots.debug.xcconfig"; path = "Target Support Files/Pods-MySpots/Pods-MySpots.debug.xcconfig"; sourceTree = "<group>"; };
		E80D74AB252F88D30036D38A /* SpotListController.swift */ = {isa = PBXFileReference; lastKnownFileType = sourcecode.swift; path = SpotListController.swift; sourceTree = "<group>"; };
		E80D74C7253090630036D38A /* SpotModel.swift */ = {isa = PBXFileReference; lastKnownFileType = sourcecode.swift; path = SpotModel.swift; sourceTree = "<group>"; };
		E80D74CD253090870036D38A /* StorageManager.swift */ = {isa = PBXFileReference; lastKnownFileType = sourcecode.swift; path = StorageManager.swift; sourceTree = "<group>"; };
		E80D74D62530D3290036D38A /* SpotCell.swift */ = {isa = PBXFileReference; lastKnownFileType = sourcecode.swift; path = SpotCell.swift; sourceTree = "<group>"; };
		E80D74DD2530DDA50036D38A /* AddNewSpotController.swift */ = {isa = PBXFileReference; lastKnownFileType = sourcecode.swift; path = AddNewSpotController.swift; sourceTree = "<group>"; };
		E80D74E5253354BF0036D38A /* RatingControl.swift */ = {isa = PBXFileReference; lastKnownFileType = sourcecode.swift; path = RatingControl.swift; sourceTree = "<group>"; };
		E8952C68251B8D510038824B /* MySpots.app */ = {isa = PBXFileReference; explicitFileType = wrapper.application; includeInIndex = 0; path = MySpots.app; sourceTree = BUILT_PRODUCTS_DIR; };
		E8952C6B251B8D510038824B /* AppDelegate.swift */ = {isa = PBXFileReference; lastKnownFileType = sourcecode.swift; path = AppDelegate.swift; sourceTree = "<group>"; };
		E8952C6D251B8D510038824B /* SceneDelegate.swift */ = {isa = PBXFileReference; lastKnownFileType = sourcecode.swift; path = SceneDelegate.swift; sourceTree = "<group>"; };
		E8952C72251B8D510038824B /* Base */ = {isa = PBXFileReference; lastKnownFileType = file.storyboard; name = Base; path = Base.lproj/Main.storyboard; sourceTree = "<group>"; };
		E8952C74251B8D520038824B /* Assets.xcassets */ = {isa = PBXFileReference; lastKnownFileType = folder.assetcatalog; path = Assets.xcassets; sourceTree = "<group>"; };
		E8952C77251B8D520038824B /* Base */ = {isa = PBXFileReference; lastKnownFileType = file.storyboard; name = Base; path = Base.lproj/LaunchScreen.storyboard; sourceTree = "<group>"; };
		E8952C79251B8D520038824B /* Info.plist */ = {isa = PBXFileReference; lastKnownFileType = text.plist.xml; path = Info.plist; sourceTree = "<group>"; };
		E8CC12382534C1A100844BF9 /* MapViewController.swift */ = {isa = PBXFileReference; lastKnownFileType = sourcecode.swift; path = MapViewController.swift; sourceTree = "<group>"; };
		E8CC12402536258600844BF9 /* MapManager.swift */ = {isa = PBXFileReference; lastKnownFileType = sourcecode.swift; path = MapManager.swift; sourceTree = "<group>"; };
		E8DADC512534B16D00CB1049 /* RatingView.swift */ = {isa = PBXFileReference; lastKnownFileType = sourcecode.swift; path = RatingView.swift; sourceTree = "<group>"; };
		EFD0AA69380639C7D1F73FD5 /* Pods-MySpots.release.xcconfig */ = {isa = PBXFileReference; includeInIndex = 1; lastKnownFileType = text.xcconfig; name = "Pods-MySpots.release.xcconfig"; path = "Target Support Files/Pods-MySpots/Pods-MySpots.release.xcconfig"; sourceTree = "<group>"; };
/* End PBXFileReference section */

/* Begin PBXFrameworksBuildPhase section */
		E8952C65251B8D510038824B /* Frameworks */ = {
			isa = PBXFrameworksBuildPhase;
			buildActionMask = 2147483647;
			files = (
				D4EB0D24C15A92F963288D46 /* Pods_MySpots.framework in Frameworks */,
			);
			runOnlyForDeploymentPostprocessing = 0;
		};
/* End PBXFrameworksBuildPhase section */

/* Begin PBXGroup section */
		88166711AFB38ADACE1CD0DF /* Frameworks */ = {
			isa = PBXGroup;
			children = (
				04D98F6850A008CBB96FCC04 /* Pods_MySpots.framework */,
			);
			name = Frameworks;
			sourceTree = "<group>";
		};
		A0D1054665169EFFB364879C /* Pods */ = {
			isa = PBXGroup;
			children = (
				101C75D9E54FF2D123822E64 /* Pods-MySpots.debug.xcconfig */,
				EFD0AA69380639C7D1F73FD5 /* Pods-MySpots.release.xcconfig */,
			);
			path = Pods;
			sourceTree = "<group>";
		};
		E80D74AE252F88E10036D38A /* Views */ = {
			isa = PBXGroup;
			children = (
				E8952C76251B8D520038824B /* LaunchScreen.storyboard */,
				E8952C71251B8D510038824B /* Main.storyboard */,
			);
			path = Views;
			sourceTree = "<group>";
		};
		E80D74AF252F88F30036D38A /* Controllers */ = {
			isa = PBXGroup;
			children = (
				E80D74AB252F88D30036D38A /* SpotListController.swift */,
				E80D74DD2530DDA50036D38A /* AddNewSpotController.swift */,
				E8CC12382534C1A100844BF9 /* MapViewController.swift */,
			);
			path = Controllers;
			sourceTree = "<group>";
		};
		E80D74B0252F89030036D38A /* Model */ = {
			isa = PBXGroup;
			children = (
				E80D74C7253090630036D38A /* SpotModel.swift */,
				E80D74D62530D3290036D38A /* SpotCell.swift */,
			);
			path = Model;
			sourceTree = "<group>";
		};
		E80D74B1252F892C0036D38A /* Supporting files */ = {
			isa = PBXGroup;
			children = (
				E8952C6B251B8D510038824B /* AppDelegate.swift */,
				E8952C6D251B8D510038824B /* SceneDelegate.swift */,
				E8952C74251B8D520038824B /* Assets.xcassets */,
				E8952C79251B8D520038824B /* Info.plist */,
			);
			path = "Supporting files";
			sourceTree = "<group>";
		};
		E80D74BD253089960036D38A /* Helpers */ = {
			isa = PBXGroup;
			children = (
				E80D74CD253090870036D38A /* StorageManager.swift */,
				E80D74E5253354BF0036D38A /* RatingControl.swift */,
				E8DADC512534B16D00CB1049 /* RatingView.swift */,
				E8CC12402536258600844BF9 /* MapManager.swift */,
			);
			path = Helpers;
			sourceTree = "<group>";
		};
		E8952C5F251B8D510038824B = {
			isa = PBXGroup;
			children = (
				E8952C6A251B8D510038824B /* MySpots */,
				E8952C69251B8D510038824B /* Products */,
				A0D1054665169EFFB364879C /* Pods */,
				88166711AFB38ADACE1CD0DF /* Frameworks */,
			);
			sourceTree = "<group>";
		};
		E8952C69251B8D510038824B /* Products */ = {
			isa = PBXGroup;
			children = (
				E8952C68251B8D510038824B /* MySpots.app */,
			);
			name = Products;
			sourceTree = "<group>";
		};
		E8952C6A251B8D510038824B /* MySpots */ = {
			isa = PBXGroup;
			children = (
				E80D74AF252F88F30036D38A /* Controllers */,
				E80D74BD253089960036D38A /* Helpers */,
				E80D74B0252F89030036D38A /* Model */,
				E80D74AE252F88E10036D38A /* Views */,
				E80D74B1252F892C0036D38A /* Supporting files */,
			);
			path = MySpots;
			sourceTree = "<group>";
		};
/* End PBXGroup section */

/* Begin PBXNativeTarget section */
		E8952C67251B8D510038824B /* MySpots */ = {
			isa = PBXNativeTarget;
			buildConfigurationList = E8952C7C251B8D520038824B /* Build configuration list for PBXNativeTarget "MySpots" */;
			buildPhases = (
				D74F9F85C1C8C99BE2AC134D /* [CP] Check Pods Manifest.lock */,
				E8952C64251B8D510038824B /* Sources */,
				E8952C65251B8D510038824B /* Frameworks */,
				E8952C66251B8D510038824B /* Resources */,
				DDF764539DE38D927BBA6BD0 /* [CP] Embed Pods Frameworks */,
			);
			buildRules = (
			);
			dependencies = (
			);
			name = MySpots;
			productName = MySpots;
			productReference = E8952C68251B8D510038824B /* MySpots.app */;
			productType = "com.apple.product-type.application";
		};
/* End PBXNativeTarget section */

/* Begin PBXProject section */
		E8952C60251B8D510038824B /* Project object */ = {
			isa = PBXProject;
			attributes = {
				LastSwiftUpdateCheck = 1200;
				LastUpgradeCheck = 1200;
				TargetAttributes = {
					E8952C67251B8D510038824B = {
						CreatedOnToolsVersion = 12.0;
					};
				};
			};
			buildConfigurationList = E8952C63251B8D510038824B /* Build configuration list for PBXProject "MySpots" */;
			compatibilityVersion = "Xcode 9.3";
			developmentRegion = en;
			hasScannedForEncodings = 0;
			knownRegions = (
				en,
				Base,
			);
			mainGroup = E8952C5F251B8D510038824B;
			productRefGroup = E8952C69251B8D510038824B /* Products */;
			projectDirPath = "";
			projectRoot = "";
			targets = (
				E8952C67251B8D510038824B /* MySpots */,
			);
		};
/* End PBXProject section */

/* Begin PBXResourcesBuildPhase section */
		E8952C66251B8D510038824B /* Resources */ = {
			isa = PBXResourcesBuildPhase;
			buildActionMask = 2147483647;
			files = (
				E8952C78251B8D520038824B /* LaunchScreen.storyboard in Resources */,
				E8952C75251B8D520038824B /* Assets.xcassets in Resources */,
				E8952C73251B8D510038824B /* Main.storyboard in Resources */,
			);
			runOnlyForDeploymentPostprocessing = 0;
		};
/* End PBXResourcesBuildPhase section */

/* Begin PBXShellScriptBuildPhase section */
		D74F9F85C1C8C99BE2AC134D /* [CP] Check Pods Manifest.lock */ = {
			isa = PBXShellScriptBuildPhase;
			buildActionMask = 2147483647;
			files = (
			);
			inputFileListPaths = (
			);
			inputPaths = (
				"${PODS_PODFILE_DIR_PATH}/Podfile.lock",
				"${PODS_ROOT}/Manifest.lock",
			);
			name = "[CP] Check Pods Manifest.lock";
			outputFileListPaths = (
			);
			outputPaths = (
				"$(DERIVED_FILE_DIR)/Pods-MySpots-checkManifestLockResult.txt",
			);
			runOnlyForDeploymentPostprocessing = 0;
			shellPath = /bin/sh;
			shellScript = "diff \"${PODS_PODFILE_DIR_PATH}/Podfile.lock\" \"${PODS_ROOT}/Manifest.lock\" > /dev/null\nif [ $? != 0 ] ; then\n    # print error to STDERR\n    echo \"error: The sandbox is not in sync with the Podfile.lock. Run 'pod install' or update your CocoaPods installation.\" >&2\n    exit 1\nfi\n# This output is used by Xcode 'outputs' to avoid re-running this script phase.\necho \"SUCCESS\" > \"${SCRIPT_OUTPUT_FILE_0}\"\n";
			showEnvVarsInLog = 0;
		};
		DDF764539DE38D927BBA6BD0 /* [CP] Embed Pods Frameworks */ = {
			isa = PBXShellScriptBuildPhase;
			buildActionMask = 2147483647;
			files = (
			);
			inputFileListPaths = (
				"${PODS_ROOT}/Target Support Files/Pods-MySpots/Pods-MySpots-frameworks-${CONFIGURATION}-input-files.xcfilelist",
			);
			name = "[CP] Embed Pods Frameworks";
			outputFileListPaths = (
				"${PODS_ROOT}/Target Support Files/Pods-MySpots/Pods-MySpots-frameworks-${CONFIGURATION}-output-files.xcfilelist",
			);
			runOnlyForDeploymentPostprocessing = 0;
			shellPath = /bin/sh;
			shellScript = "\"${PODS_ROOT}/Target Support Files/Pods-MySpots/Pods-MySpots-frameworks.sh\"\n";
			showEnvVarsInLog = 0;
		};
/* End PBXShellScriptBuildPhase section */

/* Begin PBXSourcesBuildPhase section */
		E8952C64251B8D510038824B /* Sources */ = {
			isa = PBXSourcesBuildPhase;
			buildActionMask = 2147483647;
			files = (
				E80D74AC252F88D30036D38A /* SpotListController.swift in Sources */,
				E80D74C8253090630036D38A /* SpotModel.swift in Sources */,
				E8952C6C251B8D510038824B /* AppDelegate.swift in Sources */,
				E8CC12392534C1A100844BF9 /* MapViewController.swift in Sources */,
				E8DADC522534B16D00CB1049 /* RatingView.swift in Sources */,
				E8CC12412536258600844BF9 /* MapManager.swift in Sources */,
				E80D74D72530D3290036D38A /* SpotCell.swift in Sources */,
				E80D74E6253354BF0036D38A /* RatingControl.swift in Sources */,
				E80D74CE253090870036D38A /* StorageManager.swift in Sources */,
				E8952C6E251B8D510038824B /* SceneDelegate.swift in Sources */,
				E80D74DE2530DDA50036D38A /* AddNewSpotController.swift in Sources */,
			);
			runOnlyForDeploymentPostprocessing = 0;
		};
/* End PBXSourcesBuildPhase section */

/* Begin PBXVariantGroup section */
		E8952C71251B8D510038824B /* Main.storyboard */ = {
			isa = PBXVariantGroup;
			children = (
				E8952C72251B8D510038824B /* Base */,
			);
			name = Main.storyboard;
			sourceTree = "<group>";
		};
		E8952C76251B8D520038824B /* LaunchScreen.storyboard */ = {
			isa = PBXVariantGroup;
			children = (
				E8952C77251B8D520038824B /* Base */,
			);
			name = LaunchScreen.storyboard;
			sourceTree = "<group>";
		};
/* End PBXVariantGroup section */

/* Begin XCBuildConfiguration section */
		E8952C7A251B8D520038824B /* Debug */ = {
			isa = XCBuildConfiguration;
			buildSettings = {
				ALWAYS_SEARCH_USER_PATHS = NO;
				CLANG_ANALYZER_NONNULL = YES;
				CLANG_ANALYZER_NUMBER_OBJECT_CONVERSION = YES_AGGRESSIVE;
				CLANG_CXX_LANGUAGE_STANDARD = "gnu++14";
				CLANG_CXX_LIBRARY = "libc++";
				CLANG_ENABLE_MODULES = YES;
				CLANG_ENABLE_OBJC_ARC = YES;
				CLANG_ENABLE_OBJC_WEAK = YES;
				CLANG_WARN_BLOCK_CAPTURE_AUTORELEASING = YES;
				CLANG_WARN_BOOL_CONVERSION = YES;
				CLANG_WARN_COMMA = YES;
				CLANG_WARN_CONSTANT_CONVERSION = YES;
				CLANG_WARN_DEPRECATED_OBJC_IMPLEMENTATIONS = YES;
				CLANG_WARN_DIRECT_OBJC_ISA_USAGE = YES_ERROR;
				CLANG_WARN_DOCUMENTATION_COMMENTS = YES;
				CLANG_WARN_EMPTY_BODY = YES;
				CLANG_WARN_ENUM_CONVERSION = YES;
				CLANG_WARN_INFINITE_RECURSION = YES;
				CLANG_WARN_INT_CONVERSION = YES;
				CLANG_WARN_NON_LITERAL_NULL_CONVERSION = YES;
				CLANG_WARN_OBJC_IMPLICIT_RETAIN_SELF = YES;
				CLANG_WARN_OBJC_LITERAL_CONVERSION = YES;
				CLANG_WARN_OBJC_ROOT_CLASS = YES_ERROR;
				CLANG_WARN_QUOTED_INCLUDE_IN_FRAMEWORK_HEADER = YES;
				CLANG_WARN_RANGE_LOOP_ANALYSIS = YES;
				CLANG_WARN_STRICT_PROTOTYPES = YES;
				CLANG_WARN_SUSPICIOUS_MOVE = YES;
				CLANG_WARN_UNGUARDED_AVAILABILITY = YES_AGGRESSIVE;
				CLANG_WARN_UNREACHABLE_CODE = YES;
				CLANG_WARN__DUPLICATE_METHOD_MATCH = YES;
				COPY_PHASE_STRIP = NO;
				DEBUG_INFORMATION_FORMAT = dwarf;
				ENABLE_STRICT_OBJC_MSGSEND = YES;
				ENABLE_TESTABILITY = YES;
				GCC_C_LANGUAGE_STANDARD = gnu11;
				GCC_DYNAMIC_NO_PIC = NO;
				GCC_NO_COMMON_BLOCKS = YES;
				GCC_OPTIMIZATION_LEVEL = 0;
				GCC_PREPROCESSOR_DEFINITIONS = (
					"DEBUG=1",
					"$(inherited)",
				);
				GCC_WARN_64_TO_32_BIT_CONVERSION = YES;
				GCC_WARN_ABOUT_RETURN_TYPE = YES_ERROR;
				GCC_WARN_UNDECLARED_SELECTOR = YES;
				GCC_WARN_UNINITIALIZED_AUTOS = YES_AGGRESSIVE;
				GCC_WARN_UNUSED_FUNCTION = YES;
				GCC_WARN_UNUSED_VARIABLE = YES;
				IPHONEOS_DEPLOYMENT_TARGET = 14.0;
				MTL_ENABLE_DEBUG_INFO = INCLUDE_SOURCE;
				MTL_FAST_MATH = YES;
				ONLY_ACTIVE_ARCH = YES;
				SDKROOT = iphoneos;
				SWIFT_ACTIVE_COMPILATION_CONDITIONS = DEBUG;
				SWIFT_OPTIMIZATION_LEVEL = "-Onone";
			};
			name = Debug;
		};
		E8952C7B251B8D520038824B /* Release */ = {
			isa = XCBuildConfiguration;
			buildSettings = {
				ALWAYS_SEARCH_USER_PATHS = NO;
				CLANG_ANALYZER_NONNULL = YES;
				CLANG_ANALYZER_NUMBER_OBJECT_CONVERSION = YES_AGGRESSIVE;
				CLANG_CXX_LANGUAGE_STANDARD = "gnu++14";
				CLANG_CXX_LIBRARY = "libc++";
				CLANG_ENABLE_MODULES = YES;
				CLANG_ENABLE_OBJC_ARC = YES;
				CLANG_ENABLE_OBJC_WEAK = YES;
				CLANG_WARN_BLOCK_CAPTURE_AUTORELEASING = YES;
				CLANG_WARN_BOOL_CONVERSION = YES;
				CLANG_WARN_COMMA = YES;
				CLANG_WARN_CONSTANT_CONVERSION = YES;
				CLANG_WARN_DEPRECATED_OBJC_IMPLEMENTATIONS = YES;
				CLANG_WARN_DIRECT_OBJC_ISA_USAGE = YES_ERROR;
				CLANG_WARN_DOCUMENTATION_COMMENTS = YES;
				CLANG_WARN_EMPTY_BODY = YES;
				CLANG_WARN_ENUM_CONVERSION = YES;
				CLANG_WARN_INFINITE_RECURSION = YES;
				CLANG_WARN_INT_CONVERSION = YES;
				CLANG_WARN_NON_LITERAL_NULL_CONVERSION = YES;
				CLANG_WARN_OBJC_IMPLICIT_RETAIN_SELF = YES;
				CLANG_WARN_OBJC_LITERAL_CONVERSION = YES;
				CLANG_WARN_OBJC_ROOT_CLASS = YES_ERROR;
				CLANG_WARN_QUOTED_INCLUDE_IN_FRAMEWORK_HEADER = YES;
				CLANG_WARN_RANGE_LOOP_ANALYSIS = YES;
				CLANG_WARN_STRICT_PROTOTYPES = YES;
				CLANG_WARN_SUSPICIOUS_MOVE = YES;
				CLANG_WARN_UNGUARDED_AVAILABILITY = YES_AGGRESSIVE;
				CLANG_WARN_UNREACHABLE_CODE = YES;
				CLANG_WARN__DUPLICATE_METHOD_MATCH = YES;
				COPY_PHASE_STRIP = NO;
				DEBUG_INFORMATION_FORMAT = "dwarf-with-dsym";
				ENABLE_NS_ASSERTIONS = NO;
				ENABLE_STRICT_OBJC_MSGSEND = YES;
				GCC_C_LANGUAGE_STANDARD = gnu11;
				GCC_NO_COMMON_BLOCKS = YES;
				GCC_WARN_64_TO_32_BIT_CONVERSION = YES;
				GCC_WARN_ABOUT_RETURN_TYPE = YES_ERROR;
				GCC_WARN_UNDECLARED_SELECTOR = YES;
				GCC_WARN_UNINITIALIZED_AUTOS = YES_AGGRESSIVE;
				GCC_WARN_UNUSED_FUNCTION = YES;
				GCC_WARN_UNUSED_VARIABLE = YES;
				IPHONEOS_DEPLOYMENT_TARGET = 14.0;
				MTL_ENABLE_DEBUG_INFO = NO;
				MTL_FAST_MATH = YES;
				SDKROOT = iphoneos;
				SWIFT_COMPILATION_MODE = wholemodule;
				SWIFT_OPTIMIZATION_LEVEL = "-O";
				VALIDATE_PRODUCT = YES;
			};
			name = Release;
		};
		E8952C7D251B8D520038824B /* Debug */ = {
			isa = XCBuildConfiguration;
			baseConfigurationReference = 101C75D9E54FF2D123822E64 /* Pods-MySpots.debug.xcconfig */;
			buildSettings = {
				ASSETCATALOG_COMPILER_APPICON_NAME = AppIcon;
				ASSETCATALOG_COMPILER_GLOBAL_ACCENT_COLOR_NAME = AccentColor;
				CODE_SIGN_STYLE = Automatic;
				DEVELOPMENT_TEAM = 8DL3WA87L3;
				INFOPLIST_FILE = "MySpots/Supporting files/Info.plist";
				LD_RUNPATH_SEARCH_PATHS = (
					"$(inherited)",
					"@executable_path/Frameworks",
				);
				PRODUCT_BUNDLE_IDENTIFIER = com.cannabiolog420.MySpots;
				PRODUCT_NAME = "$(TARGET_NAME)";
				SWIFT_VERSION = 5.0;
				TARGETED_DEVICE_FAMILY = "1,2";
			};
			name = Debug;
		};
		E8952C7E251B8D520038824B /* Release */ = {
			isa = XCBuildConfiguration;
			baseConfigurationReference = EFD0AA69380639C7D1F73FD5 /* Pods-MySpots.release.xcconfig */;
			buildSettings = {
				ASSETCATALOG_COMPILER_APPICON_NAME = AppIcon;
				ASSETCATALOG_COMPILER_GLOBAL_ACCENT_COLOR_NAME = AccentColor;
				CODE_SIGN_STYLE = Automatic;
				DEVELOPMENT_TEAM = 8DL3WA87L3;
				INFOPLIST_FILE = "MySpots/Supporting files/Info.plist";
				LD_RUNPATH_SEARCH_PATHS = (
					"$(inherited)",
					"@executable_path/Frameworks",
				);
				PRODUCT_BUNDLE_IDENTIFIER = com.cannabiolog420.MySpots;
				PRODUCT_NAME = "$(TARGET_NAME)";
				SWIFT_VERSION = 5.0;
				TARGETED_DEVICE_FAMILY = "1,2";
			};
			name = Release;
		};
/* End XCBuildConfiguration section */

/* Begin XCConfigurationList section */
		E8952C63251B8D510038824B /* Build configuration list for PBXProject "MySpots" */ = {
			isa = XCConfigurationList;
			buildConfigurations = (
				E8952C7A251B8D520038824B /* Debug */,
				E8952C7B251B8D520038824B /* Release */,
			);
			defaultConfigurationIsVisible = 0;
			defaultConfigurationName = Release;
		};
		E8952C7C251B8D520038824B /* Build configuration list for PBXNativeTarget "MySpots" */ = {
			isa = XCConfigurationList;
			buildConfigurations = (
				E8952C7D251B8D520038824B /* Debug */,
				E8952C7E251B8D520038824B /* Release */,
			);
			defaultConfigurationIsVisible = 0;
			defaultConfigurationName = Release;
		};
/* End XCConfigurationList section */
	};
	rootObject = E8952C60251B8D510038824B /* Project object */;
}
